
Microsoft Visual Studio Solution File, Format Version 12.00
# Visual Studio Version 16
VisualStudioVersion = 16.0.29728.190
MinimumVisualStudioVersion = 10.0.40219.1
Project("{9A19103F-16F7-4668-BE54-9A1E7A4F7556}") = "Markel_TestNP", "Markel_TestNP.csproj", "{77030F38-32EA-489E-927B-1D38D0EAF130}"
EndProject
Project("{FAE04EC0-301F-11D3-BF4B-00C04F79EFBC}") = "XUnitTestMarkel_NP", "..\XUnitTestMarkel_NP\XUnitTestMarkel_NP.csproj", "{02B797E6-04AC-4055-B70D-0009F5C368DE}"
EndProject
Global
	GlobalSection(SolutionConfigurationPlatforms) = preSolution
		Debug|Any CPU = Debug|Any CPU
		Release|Any CPU = Release|Any CPU
	EndGlobalSection
	GlobalSection(ProjectConfigurationPlatforms) = postSolution
		{77030F38-32EA-489E-927B-1D38D0EAF130}.Debug|Any CPU.ActiveCfg = Debug|Any CPU
		{77030F38-32EA-489E-927B-1D38D0EAF130}.Debug|Any CPU.Build.0 = Debug|Any CPU
		{77030F38-32EA-489E-927B-1D38D0EAF130}.Release|Any CPU.ActiveCfg = Release|Any CPU
		{77030F38-32EA-489E-927B-1D38D0EAF130}.Release|Any CPU.Build.0 = Release|Any CPU
		{02B797E6-04AC-4055-B70D-0009F5C368DE}.Debug|Any CPU.ActiveCfg = Debug|Any CPU
		{02B797E6-04AC-4055-B70D-0009F5C368DE}.Debug|Any CPU.Build.0 = Debug|Any CPU
		{02B797E6-04AC-4055-B70D-0009F5C368DE}.Release|Any CPU.ActiveCfg = Release|Any CPU
		{02B797E6-04AC-4055-B70D-0009F5C368DE}.Release|Any CPU.Build.0 = Release|Any CPU
	EndGlobalSection
	GlobalSection(SolutionProperties) = preSolution
		HideSolutionNode = FALSE
	EndGlobalSection
	GlobalSection(ExtensibilityGlobals) = postSolution
		SolutionGuid = {C2DCAFB5-47F7-491B-A431-15A65D6BF88F}
	EndGlobalSection
EndGlobal
